
Microsoft Visual Studio Solution File, Format Version 12.00
# Visual Studio Version 17
VisualStudioVersion = 17.5.33516.290
MinimumVisualStudioVersion = 10.0.40219.1
Project("{FAE04EC0-301F-11D3-BF4B-00C04F79EFBC}") = "ConsoleAppLesson5", "ConsoleAppLesson5\ConsoleAppLesson5.csproj", "{FFD49B61-E99C-4491-953E-ACEA51D4D5DF}"
EndProject
Global
	GlobalSection(SolutionConfigurationPlatforms) = preSolution
		Debug|Any CPU = Debug|Any CPU
		Release|Any CPU = Release|Any CPU
	EndGlobalSection
	GlobalSection(ProjectConfigurationPlatforms) = postSolution
		{FFD49B61-E99C-4491-953E-ACEA51D4D5DF}.Debug|Any CPU.ActiveCfg = Debug|Any CPU
		{FFD49B61-E99C-4491-953E-ACEA51D4D5DF}.Debug|Any CPU.Build.0 = Debug|Any CPU
		{FFD49B61-E99C-4491-953E-ACEA51D4D5DF}.Release|Any CPU.ActiveCfg = Release|Any CPU
		{FFD49B61-E99C-4491-953E-ACEA51D4D5DF}.Release|Any CPU.Build.0 = Release|Any CPU
	EndGlobalSection
	GlobalSection(SolutionProperties) = preSolution
		HideSolutionNode = FALSE
	EndGlobalSection
	GlobalSection(ExtensibilityGlobals) = postSolution
		SolutionGuid = {3FB46870-2C09-4AC0-8242-C9145E9CED56}
	EndGlobalSection
EndGlobal
